
Microsoft Visual Studio Solution File, Format Version 12.00
# Visual Studio 15
VisualStudioVersion = 15.0.28307.1000
MinimumVisualStudioVersion = 10.0.40219.1
Project("{8BC9CEB8-8B4A-11D0-8D11-00A0C91BC942}") = "winspool", "winspool\winspool.vcxproj", "{824BB508-7B54-4F42-9669-10702F60372D}"
EndProject
Global
	GlobalSection(SolutionConfigurationPlatforms) = preSolution
		Debug|x64 = Debug|x64
		Debug|x86 = Debug|x86
		Release|x64 = Release|x64
		Release|x86 = Release|x86
	EndGlobalSection
	GlobalSection(ProjectConfigurationPlatforms) = postSolution
		{824BB508-7B54-4F42-9669-10702F60372D}.Debug|x64.ActiveCfg = Debug|x64
		{824BB508-7B54-4F42-9669-10702F60372D}.Debug|x64.Build.0 = Debug|x64
		{824BB508-7B54-4F42-9669-10702F60372D}.Debug|x86.ActiveCfg = Debug|Win32
		{824BB508-7B54-4F42-9669-10702F60372D}.Debug|x86.Build.0 = Debug|Win32
		{824BB508-7B54-4F42-9669-10702F60372D}.Release|x64.ActiveCfg = Release|x64
		{824BB508-7B54-4F42-9669-10702F60372D}.Release|x64.Build.0 = Release|x64
		{824BB508-7B54-4F42-9669-10702F60372D}.Release|x86.ActiveCfg = Release|Win32
		{824BB508-7B54-4F42-9669-10702F60372D}.Release|x86.Build.0 = Release|Win32
	EndGlobalSection
	GlobalSection(SolutionProperties) = preSolution
		HideSolutionNode = FALSE
	EndGlobalSection
	GlobalSection(ExtensibilityGlobals) = postSolution
		SolutionGuid = {B3E09F47-6CCF-4286-807A-4749060848E2}
	EndGlobalSection
EndGlobal
